// !$*UTF8*$!
{
	archiveVersion = 1;
	classes = {
	};
	objectVersion = 46;
	objects = {

/* Begin PBXBuildFile section */
		EC0979811D3D05CC00F8ECF7 /* MapViewController.swift in Sources */ = {isa = PBXBuildFile; fileRef = EC0979801D3D05CC00F8ECF7 /* MapViewController.swift */; };
		EC0979831D3D096200F8ECF7 /* MapKit.framework in Frameworks */ = {isa = PBXBuildFile; fileRef = EC0979821D3D096200F8ECF7 /* MapKit.framework */; };
		ECFEABA01D3641BA0021AD84 /* AppDelegate.swift in Sources */ = {isa = PBXBuildFile; fileRef = ECFEAB9F1D3641BA0021AD84 /* AppDelegate.swift */; };
		ECFEABA21D3641BA0021AD84 /* ContactViewController.swift in Sources */ = {isa = PBXBuildFile; fileRef = ECFEABA11D3641BA0021AD84 /* ContactViewController.swift */; };
		ECFEABA51D3641BA0021AD84 /* Main.storyboard in Resources */ = {isa = PBXBuildFile; fileRef = ECFEABA31D3641BA0021AD84 /* Main.storyboard */; };
		ECFEABA71D3641BA0021AD84 /* Assets.xcassets in Resources */ = {isa = PBXBuildFile; fileRef = ECFEABA61D3641BA0021AD84 /* Assets.xcassets */; };
		ECFEABAA1D3641BA0021AD84 /* LaunchScreen.storyboard in Resources */ = {isa = PBXBuildFile; fileRef = ECFEABA81D3641BA0021AD84 /* LaunchScreen.storyboard */; };
		ECFEABB51D3641BA0021AD84 /* ContactTests.swift in Sources */ = {isa = PBXBuildFile; fileRef = ECFEABB41D3641BA0021AD84 /* ContactTests.swift */; };
		ECFEABC01D366A1E0021AD84 /* Contact.swift in Sources */ = {isa = PBXBuildFile; fileRef = ECFEABBF1D366A1E0021AD84 /* Contact.swift */; };
		ECFEABC21D36777D0021AD84 /* ContactTableViewController.swift in Sources */ = {isa = PBXBuildFile; fileRef = ECFEABC11D36777D0021AD84 /* ContactTableViewController.swift */; };
		ECFEABC41D36782F0021AD84 /* ContactTableViewCell.swift in Sources */ = {isa = PBXBuildFile; fileRef = ECFEABC31D36782F0021AD84 /* ContactTableViewCell.swift */; };
/* End PBXBuildFile section */

/* Begin PBXContainerItemProxy section */
		ECFEABB11D3641BA0021AD84 /* PBXContainerItemProxy */ = {
			isa = PBXContainerItemProxy;
			containerPortal = ECFEAB941D3641BA0021AD84 /* Project object */;
			proxyType = 1;
			remoteGlobalIDString = ECFEAB9B1D3641BA0021AD84;
			remoteInfo = Contact;
		};
/* End PBXContainerItemProxy section */

/* Begin PBXFileReference section */
		EC0979801D3D05CC00F8ECF7 /* MapViewController.swift */ = {isa = PBXFileReference; fileEncoding = 4; lastKnownFileType = sourcecode.swift; path = MapViewController.swift; sourceTree = "<group>"; };
		EC0979821D3D096200F8ECF7 /* MapKit.framework */ = {isa = PBXFileReference; lastKnownFileType = wrapper.framework; name = MapKit.framework; path = System/Library/Frameworks/MapKit.framework; sourceTree = SDKROOT; };
		ECFEAB9C1D3641BA0021AD84 /* Contact.app */ = {isa = PBXFileReference; explicitFileType = wrapper.application; includeInIndex = 0; path = Contact.app; sourceTree = BUILT_PRODUCTS_DIR; };
		ECFEAB9F1D3641BA0021AD84 /* AppDelegate.swift */ = {isa = PBXFileReference; lastKnownFileType = sourcecode.swift; path = AppDelegate.swift; sourceTree = "<group>"; };
		ECFEABA11D3641BA0021AD84 /* ContactViewController.swift */ = {isa = PBXFileReference; lastKnownFileType = sourcecode.swift; path = ContactViewController.swift; sourceTree = "<group>"; };
		ECFEABA41D3641BA0021AD84 /* Base */ = {isa = PBXFileReference; lastKnownFileType = file.storyboard; name = Base; path = Base.lproj/Main.storyboard; sourceTree = "<group>"; };
		ECFEABA61D3641BA0021AD84 /* Assets.xcassets */ = {isa = PBXFileReference; lastKnownFileType = folder.assetcatalog; path = Assets.xcassets; sourceTree = "<group>"; };
		ECFEABA91D3641BA0021AD84 /* Base */ = {isa = PBXFileReference; lastKnownFileType = file.storyboard; name = Base; path = Base.lproj/LaunchScreen.storyboard; sourceTree = "<group>"; };
		ECFEABAB1D3641BA0021AD84 /* Info.plist */ = {isa = PBXFileReference; lastKnownFileType = text.plist.xml; path = Info.plist; sourceTree = "<group>"; };
		ECFEABB01D3641BA0021AD84 /* ContactTests.xctest */ = {isa = PBXFileReference; explicitFileType = wrapper.cfbundle; includeInIndex = 0; path = ContactTests.xctest; sourceTree = BUILT_PRODUCTS_DIR; };
		ECFEABB41D3641BA0021AD84 /* ContactTests.swift */ = {isa = PBXFileReference; lastKnownFileType = sourcecode.swift; path = ContactTests.swift; sourceTree = "<group>"; };
		ECFEABB61D3641BA0021AD84 /* Info.plist */ = {isa = PBXFileReference; lastKnownFileType = text.plist.xml; path = Info.plist; sourceTree = "<group>"; };
		ECFEABBF1D366A1E0021AD84 /* Contact.swift */ = {isa = PBXFileReference; fileEncoding = 4; lastKnownFileType = sourcecode.swift; path = Contact.swift; sourceTree = "<group>"; };
		ECFEABC11D36777D0021AD84 /* ContactTableViewController.swift */ = {isa = PBXFileReference; fileEncoding = 4; lastKnownFileType = sourcecode.swift; path = ContactTableViewController.swift; sourceTree = SOURCE_ROOT; };
		ECFEABC31D36782F0021AD84 /* ContactTableViewCell.swift */ = {isa = PBXFileReference; fileEncoding = 4; lastKnownFileType = sourcecode.swift; path = ContactTableViewCell.swift; sourceTree = "<group>"; };
/* End PBXFileReference section */

/* Begin PBXFrameworksBuildPhase section */
		ECFEAB991D3641BA0021AD84 /* Frameworks */ = {
			isa = PBXFrameworksBuildPhase;
			buildActionMask = 2147483647;
			files = (
				EC0979831D3D096200F8ECF7 /* MapKit.framework in Frameworks */,
			);
			runOnlyForDeploymentPostprocessing = 0;
		};
		ECFEABAD1D3641BA0021AD84 /* Frameworks */ = {
			isa = PBXFrameworksBuildPhase;
			buildActionMask = 2147483647;
			files = (
			);
			runOnlyForDeploymentPostprocessing = 0;
		};
/* End PBXFrameworksBuildPhase section */

/* Begin PBXGroup section */
		ECFEAB931D3641BA0021AD84 = {
			isa = PBXGroup;
			children = (
				EC0979821D3D096200F8ECF7 /* MapKit.framework */,
				ECFEAB9E1D3641BA0021AD84 /* Contact */,
				ECFEABB31D3641BA0021AD84 /* ContactTests */,
				ECFEAB9D1D3641BA0021AD84 /* Products */,
			);
			sourceTree = "<group>";
		};
		ECFEAB9D1D3641BA0021AD84 /* Products */ = {
			isa = PBXGroup;
			children = (
				ECFEAB9C1D3641BA0021AD84 /* Contact.app */,
				ECFEABB01D3641BA0021AD84 /* ContactTests.xctest */,
			);
			name = Products;
			sourceTree = "<group>";
		};
		ECFEAB9E1D3641BA0021AD84 /* Contact */ = {
			isa = PBXGroup;
			children = (
				ECFEAB9F1D3641BA0021AD84 /* AppDelegate.swift */,
				ECFEABA11D3641BA0021AD84 /* ContactViewController.swift */,
				ECFEABBF1D366A1E0021AD84 /* Contact.swift */,
				ECFEABC31D36782F0021AD84 /* ContactTableViewCell.swift */,
				ECFEABC11D36777D0021AD84 /* ContactTableViewController.swift */,
				EC0979801D3D05CC00F8ECF7 /* MapViewController.swift */,
				ECFEABA31D3641BA0021AD84 /* Main.storyboard */,
				ECFEABA61D3641BA0021AD84 /* Assets.xcassets */,
				ECFEABA81D3641BA0021AD84 /* LaunchScreen.storyboard */,
				ECFEABAB1D3641BA0021AD84 /* Info.plist */,
			);
			path = Contact;
			sourceTree = "<group>";
		};
		ECFEABB31D3641BA0021AD84 /* ContactTests */ = {
			isa = PBXGroup;
			children = (
				ECFEABB41D3641BA0021AD84 /* ContactTests.swift */,
				ECFEABB61D3641BA0021AD84 /* Info.plist */,
			);
			path = ContactTests;
			sourceTree = "<group>";
		};
/* End PBXGroup section */

/* Begin PBXNativeTarget section */
		ECFEAB9B1D3641BA0021AD84 /* Contact */ = {
			isa = PBXNativeTarget;
			buildConfigurationList = ECFEABB91D3641BA0021AD84 /* Build configuration list for PBXNativeTarget "Contact" */;
			buildPhases = (
				ECFEAB981D3641BA0021AD84 /* Sources */,
				ECFEAB991D3641BA0021AD84 /* Frameworks */,
				ECFEAB9A1D3641BA0021AD84 /* Resources */,
			);
			buildRules = (
			);
			dependencies = (
			);
			name = Contact;
			productName = Contact;
			productReference = ECFEAB9C1D3641BA0021AD84 /* Contact.app */;
			productType = "com.apple.product-type.application";
		};
		ECFEABAF1D3641BA0021AD84 /* ContactTests */ = {
			isa = PBXNativeTarget;
			buildConfigurationList = ECFEABBC1D3641BA0021AD84 /* Build configuration list for PBXNativeTarget "ContactTests" */;
			buildPhases = (
				ECFEABAC1D3641BA0021AD84 /* Sources */,
				ECFEABAD1D3641BA0021AD84 /* Frameworks */,
				ECFEABAE1D3641BA0021AD84 /* Resources */,
			);
			buildRules = (
			);
			dependencies = (
				ECFEABB21D3641BA0021AD84 /* PBXTargetDependency */,
			);
			name = ContactTests;
			productName = ContactTests;
			productReference = ECFEABB01D3641BA0021AD84 /* ContactTests.xctest */;
			productType = "com.apple.product-type.bundle.unit-test";
		};
/* End PBXNativeTarget section */

/* Begin PBXProject section */
		ECFEAB941D3641BA0021AD84 /* Project object */ = {
			isa = PBXProject;
			attributes = {
				LastSwiftUpdateCheck = 0730;
				LastUpgradeCheck = 0730;
				ORGANIZATIONNAME = intern;
				TargetAttributes = {
					ECFEAB9B1D3641BA0021AD84 = {
						CreatedOnToolsVersion = 7.3.1;
						DevelopmentTeam = 3XRPG3H299;
						SystemCapabilities = {
							com.apple.Maps.iOS = {
								enabled = 1;
							};
						};
					};
					ECFEABAF1D3641BA0021AD84 = {
						CreatedOnToolsVersion = 7.3.1;
						TestTargetID = ECFEAB9B1D3641BA0021AD84;
					};
				};
			};
			buildConfigurationList = ECFEAB971D3641BA0021AD84 /* Build configuration list for PBXProject "Contact" */;
			compatibilityVersion = "Xcode 3.2";
			developmentRegion = English;
			hasScannedForEncodings = 0;
			knownRegions = (
				en,
				Base,
			);
			mainGroup = ECFEAB931D3641BA0021AD84;
			productRefGroup = ECFEAB9D1D3641BA0021AD84 /* Products */;
			projectDirPath = "";
			projectRoot = "";
			targets = (
				ECFEAB9B1D3641BA0021AD84 /* Contact */,
				ECFEABAF1D3641BA0021AD84 /* ContactTests */,
			);
		};
/* End PBXProject section */

/* Begin PBXResourcesBuildPhase section */
		ECFEAB9A1D3641BA0021AD84 /* Resources */ = {
			isa = PBXResourcesBuildPhase;
			buildActionMask = 2147483647;
			files = (
				ECFEABAA1D3641BA0021AD84 /* LaunchScreen.storyboard in Resources */,
				ECFEABA71D3641BA0021AD84 /* Assets.xcassets in Resources */,
				ECFEABA51D3641BA0021AD84 /* Main.storyboard in Resources */,
			);
			runOnlyForDeploymentPostprocessing = 0;
		};
		ECFEABAE1D3641BA0021AD84 /* Resources */ = {
			isa = PBXResourcesBuildPhase;
			buildActionMask = 2147483647;
			files = (
			);
			runOnlyForDeploymentPostprocessing = 0;
		};
/* End PBXResourcesBuildPhase section */

/* Begin PBXSourcesBuildPhase section */
		ECFEAB981D3641BA0021AD84 /* Sources */ = {
			isa = PBXSourcesBuildPhase;
			buildActionMask = 2147483647;
			files = (
				ECFEABC21D36777D0021AD84 /* ContactTableViewController.swift in Sources */,
				EC0979811D3D05CC00F8ECF7 /* MapViewController.swift in Sources */,
				ECFEABC41D36782F0021AD84 /* ContactTableViewCell.swift in Sources */,
				ECFEABA21D3641BA0021AD84 /* ContactViewController.swift in Sources */,
				ECFEABC01D366A1E0021AD84 /* Contact.swift in Sources */,
				ECFEABA01D3641BA0021AD84 /* AppDelegate.swift in Sources */,
			);
			runOnlyForDeploymentPostprocessing = 0;
		};
		ECFEABAC1D3641BA0021AD84 /* Sources */ = {
			isa = PBXSourcesBuildPhase;
			buildActionMask = 2147483647;
			files = (
				ECFEABB51D3641BA0021AD84 /* ContactTests.swift in Sources */,
			);
			runOnlyForDeploymentPostprocessing = 0;
		};
/* End PBXSourcesBuildPhase section */

/* Begin PBXTargetDependency section */
		ECFEABB21D3641BA0021AD84 /* PBXTargetDependency */ = {
			isa = PBXTargetDependency;
			target = ECFEAB9B1D3641BA0021AD84 /* Contact */;
			targetProxy = ECFEABB11D3641BA0021AD84 /* PBXContainerItemProxy */;
		};
/* End PBXTargetDependency section */

/* Begin PBXVariantGroup section */
		ECFEABA31D3641BA0021AD84 /* Main.storyboard */ = {
			isa = PBXVariantGroup;
			children = (
				ECFEABA41D3641BA0021AD84 /* Base */,
			);
			name = Main.storyboard;
			sourceTree = "<group>";
		};
		ECFEABA81D3641BA0021AD84 /* LaunchScreen.storyboard */ = {
			isa = PBXVariantGroup;
			children = (
				ECFEABA91D3641BA0021AD84 /* Base */,
			);
			name = LaunchScreen.storyboard;
			sourceTree = "<group>";
		};
/* End PBXVariantGroup section */

/* Begin XCBuildConfiguration section */
		ECFEABB71D3641BA0021AD84 /* Debug */ = {
			isa = XCBuildConfiguration;
			buildSettings = {
				ALWAYS_SEARCH_USER_PATHS = NO;
				CLANG_ANALYZER_NONNULL = YES;
				CLANG_CXX_LANGUAGE_STANDARD = "gnu++0x";
				CLANG_CXX_LIBRARY = "libc++";
				CLANG_ENABLE_MODULES = YES;
				CLANG_ENABLE_OBJC_ARC = YES;
				CLANG_WARN_BOOL_CONVERSION = YES;
				CLANG_WARN_CONSTANT_CONVERSION = YES;
				CLANG_WARN_DIRECT_OBJC_ISA_USAGE = YES_ERROR;
				CLANG_WARN_EMPTY_BODY = YES;
				CLANG_WARN_ENUM_CONVERSION = YES;
				CLANG_WARN_INT_CONVERSION = YES;
				CLANG_WARN_OBJC_ROOT_CLASS = YES_ERROR;
				CLANG_WARN_UNREACHABLE_CODE = YES;
				CLANG_WARN__DUPLICATE_METHOD_MATCH = YES;
				"CODE_SIGN_IDENTITY[sdk=iphoneos*]" = "iPhone Developer";
				COPY_PHASE_STRIP = NO;
				DEBUG_INFORMATION_FORMAT = dwarf;
				ENABLE_STRICT_OBJC_MSGSEND = YES;
				ENABLE_TESTABILITY = YES;
				GCC_C_LANGUAGE_STANDARD = gnu99;
				GCC_DYNAMIC_NO_PIC = NO;
				GCC_NO_COMMON_BLOCKS = YES;
				GCC_OPTIMIZATION_LEVEL = 0;
				GCC_PREPROCESSOR_DEFINITIONS = (
					"DEBUG=1",
					"$(inherited)",
				);
				GCC_WARN_64_TO_32_BIT_CONVERSION = YES;
				GCC_WARN_ABOUT_RETURN_TYPE = YES_ERROR;
				GCC_WARN_UNDECLARED_SELECTOR = YES;
				GCC_WARN_UNINITIALIZED_AUTOS = YES_AGGRESSIVE;
				GCC_WARN_UNUSED_FUNCTION = YES;
				GCC_WARN_UNUSED_VARIABLE = YES;
				IPHONEOS_DEPLOYMENT_TARGET = 9.3;
				MTL_ENABLE_DEBUG_INFO = YES;
				ONLY_ACTIVE_ARCH = YES;
				SDKROOT = iphoneos;
				SWIFT_OPTIMIZATION_LEVEL = "-Onone";
				TARGETED_DEVICE_FAMILY = "1,2";
			};
			name = Debug;
		};
		ECFEABB81D3641BA0021AD84 /* Release */ = {
			isa = XCBuildConfiguration;
			buildSettings = {
				ALWAYS_SEARCH_USER_PATHS = NO;
				CLANG_ANALYZER_NONNULL = YES;
				CLANG_CXX_LANGUAGE_STANDARD = "gnu++0x";
				CLANG_CXX_LIBRARY = "libc++";
				CLANG_ENABLE_MODULES = YES;
				CLANG_ENABLE_OBJC_ARC = YES;
				CLANG_WARN_BOOL_CONVERSION = YES;
				CLANG_WARN_CONSTANT_CONVERSION = YES;
				CLANG_WARN_DIRECT_OBJC_ISA_USAGE = YES_ERROR;
				CLANG_WARN_EMPTY_BODY = YES;
				CLANG_WARN_ENUM_CONVERSION = YES;
				CLANG_WARN_INT_CONVERSION = YES;
				CLANG_WARN_OBJC_ROOT_CLASS = YES_ERROR;
				CLANG_WARN_UNREACHABLE_CODE = YES;
				CLANG_WARN__DUPLICATE_METHOD_MATCH = YES;
				"CODE_SIGN_IDENTITY[sdk=iphoneos*]" = "iPhone Developer";
				COPY_PHASE_STRIP = NO;
				DEBUG_INFORMATION_FORMAT = "dwarf-with-dsym";
				ENABLE_NS_ASSERTIONS = NO;
				ENABLE_STRICT_OBJC_MSGSEND = YES;
				GCC_C_LANGUAGE_STANDARD = gnu99;
				GCC_NO_COMMON_BLOCKS = YES;
				GCC_WARN_64_TO_32_BIT_CONVERSION = YES;
				GCC_WARN_ABOUT_RETURN_TYPE = YES_ERROR;
				GCC_WARN_UNDECLARED_SELECTOR = YES;
				GCC_WARN_UNINITIALIZED_AUTOS = YES_AGGRESSIVE;
				GCC_WARN_UNUSED_FUNCTION = YES;
				GCC_WARN_UNUSED_VARIABLE = YES;
				IPHONEOS_DEPLOYMENT_TARGET = 9.3;
				MTL_ENABLE_DEBUG_INFO = NO;
				SDKROOT = iphoneos;
				TARGETED_DEVICE_FAMILY = "1,2";
				VALIDATE_PRODUCT = YES;
			};
			name = Release;
		};
		ECFEABBA1D3641BA0021AD84 /* Debug */ = {
			isa = XCBuildConfiguration;
			buildSettings = {
				ASSETCATALOG_COMPILER_APPICON_NAME = AppIcon;
				CODE_SIGN_IDENTITY = "iPhone Developer";
				"CODE_SIGN_IDENTITY[sdk=iphoneos*]" = "iPhone Developer";
				INFOPLIST_FILE = Contact/Info.plist;
				LD_RUNPATH_SEARCH_PATHS = "$(inherited) @executable_path/Frameworks";
				PRODUCT_BUNDLE_IDENTIFIER = com.my.app.Contact;
				PRODUCT_NAME = "$(TARGET_NAME)";
				PROVISIONING_PROFILE = "";
			};
			name = Debug;
		};
		ECFEABBB1D3641BA0021AD84 /* Release */ = {
			isa = XCBuildConfiguration;
			buildSettings = {
				ASSETCATALOG_COMPILER_APPICON_NAME = AppIcon;
				CODE_SIGN_IDENTITY = "iPhone Developer";
				"CODE_SIGN_IDENTITY[sdk=iphoneos*]" = "iPhone Developer";
				INFOPLIST_FILE = Contact/Info.plist;
				LD_RUNPATH_SEARCH_PATHS = "$(inherited) @executable_path/Frameworks";
				PRODUCT_BUNDLE_IDENTIFIER = com.my.app.Contact;
				PRODUCT_NAME = "$(TARGET_NAME)";
				PROVISIONING_PROFILE = "";
			};
			name = Release;
		};
		ECFEABBD1D3641BA0021AD84 /* Debug */ = {
			isa = XCBuildConfiguration;
			buildSettings = {
				BUNDLE_LOADER = "$(TEST_HOST)";
				INFOPLIST_FILE = ContactTests/Info.plist;
				LD_RUNPATH_SEARCH_PATHS = "$(inherited) @executable_path/Frameworks @loader_path/Frameworks";
				PRODUCT_BUNDLE_IDENTIFIER = com.my.app.ContactTests;
				PRODUCT_NAME = "$(TARGET_NAME)";
				TEST_HOST = "$(BUILT_PRODUCTS_DIR)/Contact.app/Contact";
			};
			name = Debug;
		};
		ECFEABBE1D3641BA0021AD84 /* Release */ = {
			isa = XCBuildConfiguration;
			buildSettings = {
				BUNDLE_LOADER = "$(TEST_HOST)";
				INFOPLIST_FILE = ContactTests/Info.plist;
				LD_RUNPATH_SEARCH_PATHS = "$(inherited) @executable_path/Frameworks @loader_path/Frameworks";
				PRODUCT_BUNDLE_IDENTIFIER = com.my.app.ContactTests;
				PRODUCT_NAME = "$(TARGET_NAME)";
				TEST_HOST = "$(BUILT_PRODUCTS_DIR)/Contact.app/Contact";
			};
			name = Release;
		};
/* End XCBuildConfiguration section */

/* Begin XCConfigurationList section */
		ECFEAB971D3641BA0021AD84 /* Build configuration list for PBXProject "Contact" */ = {
			isa = XCConfigurationList;
			buildConfigurations = (
				ECFEABB71D3641BA0021AD84 /* Debug */,
				ECFEABB81D3641BA0021AD84 /* Release */,
			);
			defaultConfigurationIsVisible = 0;
			defaultConfigurationName = Release;
		};
		ECFEABB91D3641BA0021AD84 /* Build configuration list for PBXNativeTarget "Contact" */ = {
			isa = XCConfigurationList;
			buildConfigurations = (
				ECFEABBA1D3641BA0021AD84 /* Debug */,
				ECFEABBB1D3641BA0021AD84 /* Release */,
			);
			defaultConfigurationIsVisible = 0;
			defaultConfigurationName = Release;
		};
		ECFEABBC1D3641BA0021AD84 /* Build configuration list for PBXNativeTarget "ContactTests" */ = {
			isa = XCConfigurationList;
			buildConfigurations = (
				ECFEABBD1D3641BA0021AD84 /* Debug */,
				ECFEABBE1D3641BA0021AD84 /* Release */,
			);
			defaultConfigurationIsVisible = 0;
			defaultConfigurationName = Release;
		};
/* End XCConfigurationList section */
	};
	rootObject = ECFEAB941D3641BA0021AD84 /* Project object */;
}
